{
  "name": "e-commerce",
  "lockfileVersion": 3,
  "requires": true,
  "packages": {
    "": {
      "devDependencies": {
        "@types/morgan": "^1.9.9"
      }
    },
    "node_modules/@types/morgan": {
      "version": "1.9.9",
      "resolved": "https://registry.npmjs.org/@types/morgan/-/morgan-1.9.9.tgz",
      "integrity": "sha512-iRYSDKVaC6FkGSpEVVIvrRGw0DfJMiQzIn3qr2G5B3C//AWkulhXgaBd7tS9/J79GWSYMTHGs7PfI5b3Y8m+RQ==",
      "dev": true,
      "dependencies": {
        "@types/node": "*"
      }
    },
    "node_modules/@types/node": {
      "version": "20.14.5",
      "resolved": "https://registry.npmjs.org/@types/node/-/node-20.14.5.tgz",
      "integrity": "sha512-aoRR+fJkZT2l0aGOJhuA8frnCSoNX6W7U2mpNq63+BxBIj5BQFt8rHy627kijCmm63ijdSdwvGgpUsU6MBsZZA==",
      "dev": true,
      "dependencies": {
        "undici-types": "~5.26.4"
      }
    },
    "node_modules/undici-types": {
      "version": "5.26.5",
      "resolved": "https://registry.npmjs.org/undici-types/-/undici-types-5.26.5.tgz",
      "integrity": "sha512-JlCMO+ehdEIKqlFxk6IfVoAUVmgz7cU7zD/h9XZ0qzeosSHmUJVOzSQvvYSYWXkFXC+IfLKSIffhv0sVZup6pA==",
      "dev": true
    }
  }
}
